
Microsoft Visual Studio Solution File, Format Version 12.00
# Visual Studio Version 17
VisualStudioVersion = 17.3.32819.101
MinimumVisualStudioVersion = 10.0.40219.1
Project("{FAE04EC0-301F-11D3-BF4B-00C04F79EFBC}") = "PP", "PP\PP.csproj", "{F86B1919-7AF2-4997-9A27-57EECD58A42B}"
EndProject
Project("{FAE04EC0-301F-11D3-BF4B-00C04F79EFBC}") = "Data", "Data\Data.csproj", "{6ACB522C-A2BF-4711-8170-A401DAD262AD}"
EndProject
Global
	GlobalSection(SolutionConfigurationPlatforms) = preSolution
		Debug|Any CPU = Debug|Any CPU
		Release|Any CPU = Release|Any CPU
	EndGlobalSection
	GlobalSection(ProjectConfigurationPlatforms) = postSolution
		{F86B1919-7AF2-4997-9A27-57EECD58A42B}.Debug|Any CPU.ActiveCfg = Debug|Any CPU
		{F86B1919-7AF2-4997-9A27-57EECD58A42B}.Debug|Any CPU.Build.0 = Debug|Any CPU
		{F86B1919-7AF2-4997-9A27-57EECD58A42B}.Release|Any CPU.ActiveCfg = Release|Any CPU
		{F86B1919-7AF2-4997-9A27-57EECD58A42B}.Release|Any CPU.Build.0 = Release|Any CPU
		{6ACB522C-A2BF-4711-8170-A401DAD262AD}.Debug|Any CPU.ActiveCfg = Debug|Any CPU
		{6ACB522C-A2BF-4711-8170-A401DAD262AD}.Debug|Any CPU.Build.0 = Debug|Any CPU
		{6ACB522C-A2BF-4711-8170-A401DAD262AD}.Release|Any CPU.ActiveCfg = Release|Any CPU
		{6ACB522C-A2BF-4711-8170-A401DAD262AD}.Release|Any CPU.Build.0 = Release|Any CPU
	EndGlobalSection
	GlobalSection(SolutionProperties) = preSolution
		HideSolutionNode = FALSE
	EndGlobalSection
	GlobalSection(ExtensibilityGlobals) = postSolution
		SolutionGuid = {7D25534C-D096-4209-B18A-0362096D431B}
	EndGlobalSection
EndGlobal
